
Microsoft Visual Studio Solution File, Format Version 12.00
# Visual Studio Version 17
VisualStudioVersion = 17.5.33530.505
MinimumVisualStudioVersion = 10.0.40219.1
Project("{9A19103F-16F7-4668-BE54-9A1E7A4F7556}") = "JoiBridge", "JoiBridge.csproj", "{3E222B04-0D94-4D01-BDB5-C11192CD1442}"
	ProjectSection(ProjectDependencies) = postProject
		{6F20EC7B-E491-4819-A9B0-B50D265B6D15} = {6F20EC7B-E491-4819-A9B0-B50D265B6D15}
	EndProjectSection
EndProject
Project("{9A19103F-16F7-4668-BE54-9A1E7A4F7556}") = "OpenAI.GPT3", "..\openai_csharp\OpenAI.SDK\OpenAI.GPT3.csproj", "{6F20EC7B-E491-4819-A9B0-B50D265B6D15}"
EndProject
Project("{9A19103F-16F7-4668-BE54-9A1E7A4F7556}") = "OpenAI.Playground", "..\openai_csharp\OpenAI.Playground\OpenAI.Playground.csproj", "{1B559594-1AD1-4023-9EAF-15840FCAD9DD}"
EndProject
Global
	GlobalSection(SolutionConfigurationPlatforms) = preSolution
		Debug|Any CPU = Debug|Any CPU
		Release|Any CPU = Release|Any CPU
	EndGlobalSection
	GlobalSection(ProjectConfigurationPlatforms) = postSolution
		{3E222B04-0D94-4D01-BDB5-C11192CD1442}.Debug|Any CPU.ActiveCfg = Debug|Any CPU
		{3E222B04-0D94-4D01-BDB5-C11192CD1442}.Debug|Any CPU.Build.0 = Debug|Any CPU
		{3E222B04-0D94-4D01-BDB5-C11192CD1442}.Release|Any CPU.ActiveCfg = Release|Any CPU
		{3E222B04-0D94-4D01-BDB5-C11192CD1442}.Release|Any CPU.Build.0 = Release|Any CPU
		{6F20EC7B-E491-4819-A9B0-B50D265B6D15}.Debug|Any CPU.ActiveCfg = Debug|Any CPU
		{6F20EC7B-E491-4819-A9B0-B50D265B6D15}.Debug|Any CPU.Build.0 = Debug|Any CPU
		{6F20EC7B-E491-4819-A9B0-B50D265B6D15}.Release|Any CPU.ActiveCfg = Release|Any CPU
		{6F20EC7B-E491-4819-A9B0-B50D265B6D15}.Release|Any CPU.Build.0 = Release|Any CPU
		{1B559594-1AD1-4023-9EAF-15840FCAD9DD}.Debug|Any CPU.ActiveCfg = Debug|Any CPU
		{1B559594-1AD1-4023-9EAF-15840FCAD9DD}.Debug|Any CPU.Build.0 = Debug|Any CPU
		{1B559594-1AD1-4023-9EAF-15840FCAD9DD}.Release|Any CPU.ActiveCfg = Release|Any CPU
		{1B559594-1AD1-4023-9EAF-15840FCAD9DD}.Release|Any CPU.Build.0 = Release|Any CPU
	EndGlobalSection
	GlobalSection(SolutionProperties) = preSolution
		HideSolutionNode = FALSE
	EndGlobalSection
	GlobalSection(ExtensibilityGlobals) = postSolution
		SolutionGuid = {19C85CAE-7FD7-4F3F-90FC-38585BBFE363}
	EndGlobalSection
EndGlobal
