
Microsoft Visual Studio Solution File, Format Version 12.00
# Visual Studio Version 17
VisualStudioVersion = 17.5.33530.505
MinimumVisualStudioVersion = 10.0.40219.1
Project("{9A19103F-16F7-4668-BE54-9A1E7A4F7556}") = "JoiBridge", "JoiBridge.csproj", "{F70D4E37-45DC-4714-92ED-265A01F05874}"
EndProject
Project("{9A19103F-16F7-4668-BE54-9A1E7A4F7556}") = "OpenAI.GPT3", "..\OpenAI.SDK\OpenAI.GPT3.csproj", "{2032A9D2-CA9C-4C04-8326-AF7E04EF2860}"
EndProject
Global
	GlobalSection(SolutionConfigurationPlatforms) = preSolution
		Debug|Any CPU = Debug|Any CPU
		Release|Any CPU = Release|Any CPU
	EndGlobalSection
	GlobalSection(ProjectConfigurationPlatforms) = postSolution
		{F70D4E37-45DC-4714-92ED-265A01F05874}.Debug|Any CPU.ActiveCfg = Debug|Any CPU
		{F70D4E37-45DC-4714-92ED-265A01F05874}.Debug|Any CPU.Build.0 = Debug|Any CPU
		{F70D4E37-45DC-4714-92ED-265A01F05874}.Release|Any CPU.ActiveCfg = Release|Any CPU
		{F70D4E37-45DC-4714-92ED-265A01F05874}.Release|Any CPU.Build.0 = Release|Any CPU
		{2032A9D2-CA9C-4C04-8326-AF7E04EF2860}.Debug|Any CPU.ActiveCfg = Debug|Any CPU
		{2032A9D2-CA9C-4C04-8326-AF7E04EF2860}.Debug|Any CPU.Build.0 = Debug|Any CPU
		{2032A9D2-CA9C-4C04-8326-AF7E04EF2860}.Release|Any CPU.ActiveCfg = Release|Any CPU
		{2032A9D2-CA9C-4C04-8326-AF7E04EF2860}.Release|Any CPU.Build.0 = Release|Any CPU
	EndGlobalSection
	GlobalSection(SolutionProperties) = preSolution
		HideSolutionNode = FALSE
	EndGlobalSection
	GlobalSection(ExtensibilityGlobals) = postSolution
		SolutionGuid = {19C85CAE-7FD7-4F3F-90FC-38585BBFE363}
	EndGlobalSection
EndGlobal
